
Microsoft Visual Studio Solution File, Format Version 12.00
# Visual Studio 15
VisualStudioVersion = 15.0.27703.2026
MinimumVisualStudioVersion = 10.0.40219.1
Project("{888888A0-9F3D-457C-B088-3A5042F75D52}") = "DiceRoll", "DiceRoll.pyproj", "{EF2143D3-4CB7-46B2-BA3F-F49249F78C0F}"
EndProject
Global
	GlobalSection(SolutionConfigurationPlatforms) = preSolution
		Debug|Any CPU = Debug|Any CPU
		Release|Any CPU = Release|Any CPU
	EndGlobalSection
	GlobalSection(ProjectConfigurationPlatforms) = postSolution
		{EF2143D3-4CB7-46B2-BA3F-F49249F78C0F}.Debug|Any CPU.ActiveCfg = Debug|Any CPU
		{EF2143D3-4CB7-46B2-BA3F-F49249F78C0F}.Release|Any CPU.ActiveCfg = Release|Any CPU
	EndGlobalSection
	GlobalSection(SolutionProperties) = preSolution
		HideSolutionNode = FALSE
	EndGlobalSection
	GlobalSection(ExtensibilityGlobals) = postSolution
		SolutionGuid = {9C7932A8-E4AF-469F-A156-C7AB3979593C}
	EndGlobalSection
EndGlobal
